# This file is automatically @generated by Cargo.
# It is not intended for manual editing.
version = 4

[[package]]
name = "game-logic"
version = "0.1.0"

[[package]]
name = "game-shared"
version = "0.1.0"

[[package]]
name = "game-world"
version = "0.1.0"

[[package]]
name = "mira-game-client"
version = "0.1.0"

[[package]]
name = "mira-game-server"
version = "0.1.0"
